// !$*UTF8*$!
{
	archiveVersion = 1;
	classes = {
	};
	objectVersion = 56;
	objects = {

/* Begin PBXBuildFile section */
		830524362C5877B5003BD2C2 /* StartingLocSelector.swift in Sources */ = {isa = PBXBuildFile; fileRef = 830524352C5877B5003BD2C2 /* StartingLocSelector.swift */; };
		830BCD7D2BFA735D0056BC8D /* QuestsApp.swift in Sources */ = {isa = PBXBuildFile; fileRef = 830BCD7C2BFA735D0056BC8D /* QuestsApp.swift */; };
		830BCD832BFA73650056BC8D /* Assets.xcassets in Resources */ = {isa = PBXBuildFile; fileRef = 830BCD822BFA73650056BC8D /* Assets.xcassets */; };
		830BCD862BFA73650056BC8D /* Preview Assets.xcassets in Resources */ = {isa = PBXBuildFile; fileRef = 830BCD852BFA73650056BC8D /* Preview Assets.xcassets */; };
		830F234E2CC416A8008586C9 /* QuestCompleteView.swift in Sources */ = {isa = PBXBuildFile; fileRef = 830F234D2CC416A8008586C9 /* QuestCompleteView.swift */; };
		83108B3A2C6D86CE00BDC83B /* ObjectiveStruc.swift in Sources */ = {isa = PBXBuildFile; fileRef = 83108B392C6D86CE00BDC83B /* ObjectiveStruc.swift */; };
		8315E1EA2C9F7B010079E403 /* AuthenticationView.swift in Sources */ = {isa = PBXBuildFile; fileRef = 8315E1E92C9F7B010079E403 /* AuthenticationView.swift */; };
		8315E1EC2C9F7C920079E403 /* SignInEmailView.swift in Sources */ = {isa = PBXBuildFile; fileRef = 8315E1EB2C9F7C920079E403 /* SignInEmailView.swift */; };
		8315E1EE2C9F7F030079E403 /* AuthenticationManager.swift in Sources */ = {isa = PBXBuildFile; fileRef = 8315E1ED2C9F7F030079E403 /* AuthenticationManager.swift */; };
		8315E1F02CA2176A0079E403 /* RootView.swift in Sources */ = {isa = PBXBuildFile; fileRef = 8315E1EF2CA2176A0079E403 /* RootView.swift */; };
		8315E1F22CA21D580079E403 /* ProfilePage.swift in Sources */ = {isa = PBXBuildFile; fileRef = 8315E1F12CA21D580079E403 /* ProfilePage.swift */; };
		832A938C2CCD323D00324719 /* timerView.swift in Sources */ = {isa = PBXBuildFile; fileRef = 832A938B2CCD323D00324719 /* timerView.swift */; };
		832A938E2CCD3CB200324719 /* QuestFailedView.swift in Sources */ = {isa = PBXBuildFile; fileRef = 832A938D2CCD3CB200324719 /* QuestFailedView.swift */; };
		8344B7052C7263B000B9216A /* addMaterials.swift in Sources */ = {isa = PBXBuildFile; fileRef = 8344B7042C7263B000B9216A /* addMaterials.swift */; };
		8344B7072C7263EC00B9216A /* materialsStruc.swift in Sources */ = {isa = PBXBuildFile; fileRef = 8344B7062C7263EC00B9216A /* materialsStruc.swift */; };
		8344B7092C72838F00B9216A /* ObjectiveHighLevelView.swift in Sources */ = {isa = PBXBuildFile; fileRef = 8344B7082C72838F00B9216A /* ObjectiveHighLevelView.swift */; };
		8344B76C2C692A440053084D /* SupportingInfoView.swift in Sources */ = {isa = PBXBuildFile; fileRef = 8344B76B2C692A440053084D /* SupportingInfoView.swift */; };
		834C44922C950DCC00DC1BFC /* areaSelector.swift in Sources */ = {isa = PBXBuildFile; fileRef = 834C44912C950DCC00DC1BFC /* areaSelector.swift */; };
		834C44972C95E29000DC1BFC /* FirebaseAnalytics in Frameworks */ = {isa = PBXBuildFile; productRef = 834C44962C95E29000DC1BFC /* FirebaseAnalytics */; };
		834C44992C95E29000DC1BFC /* FirebaseAuth in Frameworks */ = {isa = PBXBuildFile; productRef = 834C44982C95E29000DC1BFC /* FirebaseAuth */; };
		83980C832C39BA0A0061C8D0 /* QuestView.swift in Sources */ = {isa = PBXBuildFile; fileRef = 83980C822C39BA0A0061C8D0 /* QuestView.swift */; };
		83980C852C3E0B9B0061C8D0 /* QuestInfoView.swift in Sources */ = {isa = PBXBuildFile; fileRef = 83980C842C3E0B9B0061C8D0 /* QuestInfoView.swift */; };
		83B5DA0B2CF3C5B3000F3444 /* objectiveArea.swift in Sources */ = {isa = PBXBuildFile; fileRef = 83B5DA0A2CF3C5B3000F3444 /* objectiveArea.swift */; };
		83B5DA0D2CF4EA30000F3444 /* QuestCreateViewModel.swift in Sources */ = {isa = PBXBuildFile; fileRef = 83B5DA0C2CF4EA30000F3444 /* QuestCreateViewModel.swift */; };
		83B5DA0F2CF53044000F3444 /* QuestMetaData.swift in Sources */ = {isa = PBXBuildFile; fileRef = 83B5DA0E2CF53044000F3444 /* QuestMetaData.swift */; };
		83B5DA172CFE5AF4000F3444 /* MaterialsDisplayView.swift in Sources */ = {isa = PBXBuildFile; fileRef = 83B5DA162CFE5AF4000F3444 /* MaterialsDisplayView.swift */; };
		83C7D9912CACC9D70046D553 /* MapView.swift in Sources */ = {isa = PBXBuildFile; fileRef = 83C7D9902CACC9D70046D553 /* MapView.swift */; };
		83D2D7DC2C4486D20004A35E /* ActiveQuestView.swift in Sources */ = {isa = PBXBuildFile; fileRef = 83D2D7DB2C4486D20004A35E /* ActiveQuestView.swift */; };
		83E9F0772CE2639E003595B8 /* CardView.swift in Sources */ = {isa = PBXBuildFile; fileRef = 83E9F0762CE2639E003595B8 /* CardView.swift */; };
		83E9F07A2CE26450003595B8 /* ProfilePageModel.swift in Sources */ = {isa = PBXBuildFile; fileRef = 83E9F0792CE26450003595B8 /* ProfilePageModel.swift */; };
		83E9F07E2CE26592003595B8 /* AuthenticationViewModel.swift in Sources */ = {isa = PBXBuildFile; fileRef = 83E9F07D2CE26592003595B8 /* AuthenticationViewModel.swift */; };
		83E9F0812CE26605003595B8 /* SignInEmailViewModel.swift in Sources */ = {isa = PBXBuildFile; fileRef = 83E9F0802CE26605003595B8 /* SignInEmailViewModel.swift */; };
		83E9F0852CE26D1D003595B8 /* UserManager.swift in Sources */ = {isa = PBXBuildFile; fileRef = 83E9F0842CE26D1C003595B8 /* UserManager.swift */; };
		83E9F0872CE28364003595B8 /* SupportingInfoStruc.swift in Sources */ = {isa = PBXBuildFile; fileRef = 83E9F0862CE28364003595B8 /* SupportingInfoStruc.swift */; };
		83E9F0972CEBCFC7003595B8 /* Macros.swift in Sources */ = {isa = PBXBuildFile; fileRef = 83E9F0962CEBCFC7003595B8 /* Macros.swift */; };
		83FB09C12C4C40EB00723EBE /* CreateQuestContentView.swift in Sources */ = {isa = PBXBuildFile; fileRef = 83FB09C02C4C40EB00723EBE /* CreateQuestContentView.swift */; };
		83FB09C32C4D920900723EBE /* ObjectiveCreateView.swift in Sources */ = {isa = PBXBuildFile; fileRef = 83FB09C22C4D920900723EBE /* ObjectiveCreateView.swift */; };
		83FE5BAA2C38B57D0005EA55 /* QuestStruc.swift in Sources */ = {isa = PBXBuildFile; fileRef = 83FE5BA92C38B57D0005EA55 /* QuestStruc.swift */; };
		83FE5BAC2C38B6090005EA55 /* Theme.swift in Sources */ = {isa = PBXBuildFile; fileRef = 83FE5BAB2C38B6090005EA55 /* Theme.swift */; };
		83FF50622CD849A500F4E3B0 /* GoogleService-Info.plist in Resources */ = {isa = PBXBuildFile; fileRef = 83FF50612CD849A500F4E3B0 /* GoogleService-Info.plist */; };
		83FF50652CD84C1A00F4E3B0 /* GoogleSignIn in Frameworks */ = {isa = PBXBuildFile; productRef = 83FF50642CD84C1A00F4E3B0 /* GoogleSignIn */; };
		83FF50672CD84C1A00F4E3B0 /* GoogleSignInSwift in Frameworks */ = {isa = PBXBuildFile; productRef = 83FF50662CD84C1A00F4E3B0 /* GoogleSignInSwift */; };
		83FF506A2CD84FED00F4E3B0 /* Utilities.swift in Sources */ = {isa = PBXBuildFile; fileRef = 83FF50692CD84FED00F4E3B0 /* Utilities.swift */; };
		83FF506C2CDEFF9E00F4E3B0 /* SignInGoogleHelper.swift in Sources */ = {isa = PBXBuildFile; fileRef = 83FF506B2CDEFF9E00F4E3B0 /* SignInGoogleHelper.swift */; };
		83FF506E2CE1718F00F4E3B0 /* SignInAppleHelper.swift in Sources */ = {isa = PBXBuildFile; fileRef = 83FF506D2CE1718F00F4E3B0 /* SignInAppleHelper.swift */; };
		83FF50712CE25D7E00F4E3B0 /* FirebaseFirestore in Frameworks */ = {isa = PBXBuildFile; productRef = 83FF50702CE25D7E00F4E3B0 /* FirebaseFirestore */; };
/* End PBXBuildFile section */

/* Begin PBXFileReference section */
		830524352C5877B5003BD2C2 /* StartingLocSelector.swift */ = {isa = PBXFileReference; lastKnownFileType = sourcecode.swift; path = StartingLocSelector.swift; sourceTree = "<group>"; };
		830BCD792BFA735D0056BC8D /* Quests.app */ = {isa = PBXFileReference; explicitFileType = wrapper.application; includeInIndex = 0; path = Quests.app; sourceTree = BUILT_PRODUCTS_DIR; };
		830BCD7C2BFA735D0056BC8D /* QuestsApp.swift */ = {isa = PBXFileReference; lastKnownFileType = sourcecode.swift; path = QuestsApp.swift; sourceTree = "<group>"; };
		830BCD822BFA73650056BC8D /* Assets.xcassets */ = {isa = PBXFileReference; lastKnownFileType = folder.assetcatalog; path = Assets.xcassets; sourceTree = "<group>"; };
		830BCD852BFA73650056BC8D /* Preview Assets.xcassets */ = {isa = PBXFileReference; lastKnownFileType = folder.assetcatalog; path = "Preview Assets.xcassets"; sourceTree = "<group>"; };
		830F234D2CC416A8008586C9 /* QuestCompleteView.swift */ = {isa = PBXFileReference; lastKnownFileType = sourcecode.swift; path = QuestCompleteView.swift; sourceTree = "<group>"; };
		83108B392C6D86CE00BDC83B /* ObjectiveStruc.swift */ = {isa = PBXFileReference; lastKnownFileType = sourcecode.swift; path = ObjectiveStruc.swift; sourceTree = "<group>"; };
		8315E1E92C9F7B010079E403 /* AuthenticationView.swift */ = {isa = PBXFileReference; lastKnownFileType = sourcecode.swift; path = AuthenticationView.swift; sourceTree = "<group>"; };
		8315E1EB2C9F7C920079E403 /* SignInEmailView.swift */ = {isa = PBXFileReference; lastKnownFileType = sourcecode.swift; path = SignInEmailView.swift; sourceTree = "<group>"; };
		8315E1ED2C9F7F030079E403 /* AuthenticationManager.swift */ = {isa = PBXFileReference; lastKnownFileType = sourcecode.swift; path = AuthenticationManager.swift; sourceTree = "<group>"; };
		8315E1EF2CA2176A0079E403 /* RootView.swift */ = {isa = PBXFileReference; lastKnownFileType = sourcecode.swift; path = RootView.swift; sourceTree = "<group>"; };
		8315E1F12CA21D580079E403 /* ProfilePage.swift */ = {isa = PBXFileReference; lastKnownFileType = sourcecode.swift; path = ProfilePage.swift; sourceTree = "<group>"; };
		832A938B2CCD323D00324719 /* timerView.swift */ = {isa = PBXFileReference; lastKnownFileType = sourcecode.swift; path = timerView.swift; sourceTree = "<group>"; };
		832A938D2CCD3CB200324719 /* QuestFailedView.swift */ = {isa = PBXFileReference; lastKnownFileType = sourcecode.swift; path = QuestFailedView.swift; sourceTree = "<group>"; };
		8344B7042C7263B000B9216A /* addMaterials.swift */ = {isa = PBXFileReference; lastKnownFileType = sourcecode.swift; path = addMaterials.swift; sourceTree = "<group>"; };
		8344B7062C7263EC00B9216A /* materialsStruc.swift */ = {isa = PBXFileReference; lastKnownFileType = sourcecode.swift; path = materialsStruc.swift; sourceTree = "<group>"; };
		8344B7082C72838F00B9216A /* ObjectiveHighLevelView.swift */ = {isa = PBXFileReference; lastKnownFileType = sourcecode.swift; path = ObjectiveHighLevelView.swift; sourceTree = "<group>"; };
		8344B76B2C692A440053084D /* SupportingInfoView.swift */ = {isa = PBXFileReference; lastKnownFileType = sourcecode.swift; path = SupportingInfoView.swift; sourceTree = "<group>"; };
		834C44912C950DCC00DC1BFC /* areaSelector.swift */ = {isa = PBXFileReference; lastKnownFileType = sourcecode.swift; path = areaSelector.swift; sourceTree = "<group>"; };
		83980C822C39BA0A0061C8D0 /* QuestView.swift */ = {isa = PBXFileReference; lastKnownFileType = sourcecode.swift; path = QuestView.swift; sourceTree = "<group>"; };
		83980C842C3E0B9B0061C8D0 /* QuestInfoView.swift */ = {isa = PBXFileReference; lastKnownFileType = sourcecode.swift; path = QuestInfoView.swift; sourceTree = "<group>"; };
		83B5DA0A2CF3C5B3000F3444 /* objectiveArea.swift */ = {isa = PBXFileReference; lastKnownFileType = sourcecode.swift; path = objectiveArea.swift; sourceTree = "<group>"; };
		83B5DA0C2CF4EA30000F3444 /* QuestCreateViewModel.swift */ = {isa = PBXFileReference; lastKnownFileType = sourcecode.swift; path = QuestCreateViewModel.swift; sourceTree = "<group>"; };
		83B5DA0E2CF53044000F3444 /* QuestMetaData.swift */ = {isa = PBXFileReference; lastKnownFileType = sourcecode.swift; path = QuestMetaData.swift; sourceTree = "<group>"; };
		83B5DA162CFE5AF4000F3444 /* MaterialsDisplayView.swift */ = {isa = PBXFileReference; lastKnownFileType = sourcecode.swift; path = MaterialsDisplayView.swift; sourceTree = "<group>"; };
		83BDD94A2C1498D0001853A3 /* Quests.entitlements */ = {isa = PBXFileReference; lastKnownFileType = text.plist.entitlements; path = Quests.entitlements; sourceTree = "<group>"; };
		83C7D9902CACC9D70046D553 /* MapView.swift */ = {isa = PBXFileReference; lastKnownFileType = sourcecode.swift; path = MapView.swift; sourceTree = "<group>"; };
		83D2D7DB2C4486D20004A35E /* ActiveQuestView.swift */ = {isa = PBXFileReference; lastKnownFileType = sourcecode.swift; path = ActiveQuestView.swift; sourceTree = "<group>"; };
		83E4D75F2C41F14200B8346F /* Info.plist */ = {isa = PBXFileReference; lastKnownFileType = text.plist; path = Info.plist; sourceTree = "<group>"; };
		83E9F0762CE2639E003595B8 /* CardView.swift */ = {isa = PBXFileReference; lastKnownFileType = sourcecode.swift; path = CardView.swift; sourceTree = "<group>"; };
		83E9F0792CE26450003595B8 /* ProfilePageModel.swift */ = {isa = PBXFileReference; lastKnownFileType = sourcecode.swift; path = ProfilePageModel.swift; sourceTree = "<group>"; };
		83E9F07D2CE26592003595B8 /* AuthenticationViewModel.swift */ = {isa = PBXFileReference; lastKnownFileType = sourcecode.swift; path = AuthenticationViewModel.swift; sourceTree = "<group>"; };
		83E9F0802CE26605003595B8 /* SignInEmailViewModel.swift */ = {isa = PBXFileReference; lastKnownFileType = sourcecode.swift; path = SignInEmailViewModel.swift; sourceTree = "<group>"; };
		83E9F0842CE26D1C003595B8 /* UserManager.swift */ = {isa = PBXFileReference; lastKnownFileType = sourcecode.swift; path = UserManager.swift; sourceTree = "<group>"; };
		83E9F0862CE28364003595B8 /* SupportingInfoStruc.swift */ = {isa = PBXFileReference; lastKnownFileType = sourcecode.swift; path = SupportingInfoStruc.swift; sourceTree = "<group>"; };
		83E9F0962CEBCFC7003595B8 /* Macros.swift */ = {isa = PBXFileReference; lastKnownFileType = sourcecode.swift; path = Macros.swift; sourceTree = "<group>"; };
		83FB09C02C4C40EB00723EBE /* CreateQuestContentView.swift */ = {isa = PBXFileReference; lastKnownFileType = sourcecode.swift; path = CreateQuestContentView.swift; sourceTree = "<group>"; };
		83FB09C22C4D920900723EBE /* ObjectiveCreateView.swift */ = {isa = PBXFileReference; lastKnownFileType = sourcecode.swift; path = ObjectiveCreateView.swift; sourceTree = "<group>"; };
		83FE5BA92C38B57D0005EA55 /* QuestStruc.swift */ = {isa = PBXFileReference; lastKnownFileType = sourcecode.swift; path = QuestStruc.swift; sourceTree = "<group>"; };
		83FE5BAB2C38B6090005EA55 /* Theme.swift */ = {isa = PBXFileReference; lastKnownFileType = sourcecode.swift; path = Theme.swift; sourceTree = "<group>"; };
		83FF50612CD849A500F4E3B0 /* GoogleService-Info.plist */ = {isa = PBXFileReference; fileEncoding = 4; lastKnownFileType = text.plist.xml; path = "GoogleService-Info.plist"; sourceTree = "<group>"; };
		83FF50692CD84FED00F4E3B0 /* Utilities.swift */ = {isa = PBXFileReference; lastKnownFileType = sourcecode.swift; path = Utilities.swift; sourceTree = "<group>"; };
		83FF506B2CDEFF9E00F4E3B0 /* SignInGoogleHelper.swift */ = {isa = PBXFileReference; lastKnownFileType = sourcecode.swift; path = SignInGoogleHelper.swift; sourceTree = "<group>"; };
		83FF506D2CE1718F00F4E3B0 /* SignInAppleHelper.swift */ = {isa = PBXFileReference; lastKnownFileType = sourcecode.swift; path = SignInAppleHelper.swift; sourceTree = "<group>"; };
/* End PBXFileReference section */

/* Begin PBXFrameworksBuildPhase section */
		830BCD762BFA735D0056BC8D /* Frameworks */ = {
			isa = PBXFrameworksBuildPhase;
			buildActionMask = 2147483647;
			files = (
				834C44972C95E29000DC1BFC /* FirebaseAnalytics in Frameworks */,
				834C44992C95E29000DC1BFC /* FirebaseAuth in Frameworks */,
				83FF50652CD84C1A00F4E3B0 /* GoogleSignIn in Frameworks */,
				83FF50712CE25D7E00F4E3B0 /* FirebaseFirestore in Frameworks */,
				83FF50672CD84C1A00F4E3B0 /* GoogleSignInSwift in Frameworks */,
			);
			runOnlyForDeploymentPostprocessing = 0;
		};
/* End PBXFrameworksBuildPhase section */

/* Begin PBXGroup section */
		830BCD702BFA735D0056BC8D = {
			isa = PBXGroup;
			children = (
				830BCD7B2BFA735D0056BC8D /* Quests */,
				830BCD7A2BFA735D0056BC8D /* Products */,
				83FF506F2CE25D7E00F4E3B0 /* Frameworks */,
			);
			sourceTree = "<group>";
		};
		830BCD7A2BFA735D0056BC8D /* Products */ = {
			isa = PBXGroup;
			children = (
				830BCD792BFA735D0056BC8D /* Quests.app */,
			);
			name = Products;
			sourceTree = "<group>";
		};
		830BCD7B2BFA735D0056BC8D /* Quests */ = {
			isa = PBXGroup;
			children = (
				83E4D75F2C41F14200B8346F /* Info.plist */,
				83BDD94A2C1498D0001853A3 /* Quests.entitlements */,
				830BCD7C2BFA735D0056BC8D /* QuestsApp.swift */,
				83E9F0952CEBCFA6003595B8 /* ConstantsAndMacros */,
				83E9F0832CE26CE3003595B8 /* FireStore */,
				83FF50682CD84FCC00F4E3B0 /* Utilities */,
				83C7D98F2CACC9A10046D553 /* MapViewModel */,
				8315E1E82C9F7AD00079E403 /* Authentication */,
				83FE5BA82C38B5430005EA55 /* Models */,
				83FF50722CE25F1800F4E3B0 /* Core Files */,
				83FF50612CD849A500F4E3B0 /* GoogleService-Info.plist */,
				830BCD822BFA73650056BC8D /* Assets.xcassets */,
				830BCD842BFA73650056BC8D /* Preview Content */,
			);
			path = Quests;
			sourceTree = "<group>";
		};
		830BCD842BFA73650056BC8D /* Preview Content */ = {
			isa = PBXGroup;
			children = (
				830BCD852BFA73650056BC8D /* Preview Assets.xcassets */,
			);
			path = "Preview Content";
			sourceTree = "<group>";
		};
		8315E1E82C9F7AD00079E403 /* Authentication */ = {
			isa = PBXGroup;
			children = (
				8315E1ED2C9F7F030079E403 /* AuthenticationManager.swift */,
				83FF506B2CDEFF9E00F4E3B0 /* SignInGoogleHelper.swift */,
				83FF506D2CE1718F00F4E3B0 /* SignInAppleHelper.swift */,
			);
			path = Authentication;
			sourceTree = "<group>";
		};
		83C7D98F2CACC9A10046D553 /* MapViewModel */ = {
			isa = PBXGroup;
			children = (
				83C7D9902CACC9D70046D553 /* MapView.swift */,
			);
			path = MapViewModel;
			sourceTree = "<group>";
		};
		83E9F0782CE263E9003595B8 /* Profile */ = {
			isa = PBXGroup;
			children = (
				8315E1F12CA21D580079E403 /* ProfilePage.swift */,
				83E9F0792CE26450003595B8 /* ProfilePageModel.swift */,
			);
			path = Profile;
			sourceTree = "<group>";
		};
		83E9F07C2CE26551003595B8 /* Authentication */ = {
			isa = PBXGroup;
			children = (
				8315E1E92C9F7B010079E403 /* AuthenticationView.swift */,
				83E9F07D2CE26592003595B8 /* AuthenticationViewModel.swift */,
				83E9F07F2CE265C9003595B8 /* SubViews */,
			);
			path = Authentication;
			sourceTree = "<group>";
		};
		83E9F07F2CE265C9003595B8 /* SubViews */ = {
			isa = PBXGroup;
			children = (
				8315E1EB2C9F7C920079E403 /* SignInEmailView.swift */,
				83E9F0802CE26605003595B8 /* SignInEmailViewModel.swift */,
			);
			path = SubViews;
			sourceTree = "<group>";
		};
		83E9F0832CE26CE3003595B8 /* FireStore */ = {
			isa = PBXGroup;
			children = (
				83E9F0842CE26D1C003595B8 /* UserManager.swift */,
			);
			path = FireStore;
			sourceTree = "<group>";
		};
		83E9F0882CE283CC003595B8 /* Sub-Structs */ = {
			isa = PBXGroup;
			children = (
				83E9F0862CE28364003595B8 /* SupportingInfoStruc.swift */,
				83B5DA0E2CF53044000F3444 /* QuestMetaData.swift */,
				83108B392C6D86CE00BDC83B /* ObjectiveStruc.swift */,
				83E9F0892CE283E6003595B8 /* Sub-Structs */,
			);
			path = "Sub-Structs";
			sourceTree = "<group>";
		};
		83E9F0892CE283E6003595B8 /* Sub-Structs */ = {
			isa = PBXGroup;
			children = (
				8344B7062C7263EC00B9216A /* materialsStruc.swift */,
				83B5DA0A2CF3C5B3000F3444 /* objectiveArea.swift */,
			);
			path = "Sub-Structs";
			sourceTree = "<group>";
		};
		83E9F08A2CE2B821003595B8 /* CreateQuestFlow */ = {
			isa = PBXGroup;
			children = (
				83FB09C02C4C40EB00723EBE /* CreateQuestContentView.swift */,
				83B5DA0C2CF4EA30000F3444 /* QuestCreateViewModel.swift */,
				83E9F08B2CE2B834003595B8 /* SubViews */,
			);
			path = CreateQuestFlow;
			sourceTree = "<group>";
		};
		83E9F08B2CE2B834003595B8 /* SubViews */ = {
			isa = PBXGroup;
			children = (
				8344B7082C72838F00B9216A /* ObjectiveHighLevelView.swift */,
				830524352C5877B5003BD2C2 /* StartingLocSelector.swift */,
				8344B76B2C692A440053084D /* SupportingInfoView.swift */,
				83FB09C22C4D920900723EBE /* ObjectiveCreateView.swift */,
				83E9F08C2CE2B865003595B8 /* SubViews */,
			);
			path = SubViews;
			sourceTree = "<group>";
		};
		83E9F08C2CE2B865003595B8 /* SubViews */ = {
			isa = PBXGroup;
			children = (
				834C44912C950DCC00DC1BFC /* areaSelector.swift */,
				8344B7042C7263B000B9216A /* addMaterials.swift */,
			);
			path = SubViews;
			sourceTree = "<group>";
		};
		83E9F08D2CE2B95B003595B8 /* ActiveQuestFlow */ = {
			isa = PBXGroup;
			children = (
				83980C842C3E0B9B0061C8D0 /* QuestInfoView.swift */,
				83D2D7DB2C4486D20004A35E /* ActiveQuestView.swift */,
				83E9F08E2CE2BA56003595B8 /* SubViews */,
			);
			path = ActiveQuestFlow;
			sourceTree = "<group>";
		};
		83E9F08E2CE2BA56003595B8 /* SubViews */ = {
			isa = PBXGroup;
			children = (
				830F234D2CC416A8008586C9 /* QuestCompleteView.swift */,
				83B5DA162CFE5AF4000F3444 /* MaterialsDisplayView.swift */,
				832A938D2CCD3CB200324719 /* QuestFailedView.swift */,
				832A938B2CCD323D00324719 /* timerView.swift */,
			);
			path = SubViews;
			sourceTree = "<group>";
		};
		83E9F0952CEBCFA6003595B8 /* ConstantsAndMacros */ = {
			isa = PBXGroup;
			children = (
				83E9F0962CEBCFC7003595B8 /* Macros.swift */,
			);
			path = ConstantsAndMacros;
			sourceTree = "<group>";
		};
		83FE5BA82C38B5430005EA55 /* Models */ = {
			isa = PBXGroup;
			children = (
				83FE5BA92C38B57D0005EA55 /* QuestStruc.swift */,
				83E9F0882CE283CC003595B8 /* Sub-Structs */,
				83FE5BAB2C38B6090005EA55 /* Theme.swift */,
			);
			path = Models;
			sourceTree = "<group>";
		};
		83FF50682CD84FCC00F4E3B0 /* Utilities */ = {
			isa = PBXGroup;
			children = (
				83FF50692CD84FED00F4E3B0 /* Utilities.swift */,
			);
			path = Utilities;
			sourceTree = "<group>";
		};
		83FF506F2CE25D7E00F4E3B0 /* Frameworks */ = {
			isa = PBXGroup;
			children = (
			);
			name = Frameworks;
			sourceTree = "<group>";
		};
		83FF50722CE25F1800F4E3B0 /* Core Files */ = {
			isa = PBXGroup;
			children = (
				83E9F0782CE263E9003595B8 /* Profile */,
				83E9F08A2CE2B821003595B8 /* CreateQuestFlow */,
				83E9F07C2CE26551003595B8 /* Authentication */,
				83E9F08D2CE2B95B003595B8 /* ActiveQuestFlow */,
				83980C822C39BA0A0061C8D0 /* QuestView.swift */,
				83E9F0762CE2639E003595B8 /* CardView.swift */,
				8315E1EF2CA2176A0079E403 /* RootView.swift */,
			);
			path = "Core Files";
			sourceTree = "<group>";
		};
/* End PBXGroup section */

/* Begin PBXNativeTarget section */
		830BCD782BFA735D0056BC8D /* Quests */ = {
			isa = PBXNativeTarget;
			buildConfigurationList = 830BCD892BFA73650056BC8D /* Build configuration list for PBXNativeTarget "Quests" */;
			buildPhases = (
				830BCD752BFA735D0056BC8D /* Sources */,
				830BCD762BFA735D0056BC8D /* Frameworks */,
				830BCD772BFA735D0056BC8D /* Resources */,
			);
			buildRules = (
			);
			dependencies = (
			);
			name = Quests;
			packageProductDependencies = (
				834C44962C95E29000DC1BFC /* FirebaseAnalytics */,
				834C44982C95E29000DC1BFC /* FirebaseAuth */,
				83FF50642CD84C1A00F4E3B0 /* GoogleSignIn */,
				83FF50662CD84C1A00F4E3B0 /* GoogleSignInSwift */,
				83FF50702CE25D7E00F4E3B0 /* FirebaseFirestore */,
			);
			productName = Prompts;
			productReference = 830BCD792BFA735D0056BC8D /* Quests.app */;
			productType = "com.apple.product-type.application";
		};
/* End PBXNativeTarget section */

/* Begin PBXProject section */
		830BCD712BFA735D0056BC8D /* Project object */ = {
			isa = PBXProject;
			attributes = {
				BuildIndependentTargetsInParallel = 1;
				LastSwiftUpdateCheck = 1530;
				LastUpgradeCheck = 1530;
				TargetAttributes = {
					830BCD782BFA735D0056BC8D = {
						CreatedOnToolsVersion = 15.3;
					};
				};
			};
			buildConfigurationList = 830BCD742BFA735D0056BC8D /* Build configuration list for PBXProject "Quests" */;
			compatibilityVersion = "Xcode 14.0";
			developmentRegion = en;
			hasScannedForEncodings = 0;
			knownRegions = (
				en,
				Base,
			);
			mainGroup = 830BCD702BFA735D0056BC8D;
			packageReferences = (
				834C44952C95E29000DC1BFC /* XCRemoteSwiftPackageReference "firebase-ios-sdk" */,
				83FF50632CD84C1A00F4E3B0 /* XCRemoteSwiftPackageReference "GoogleSignIn-iOS" */,
			);
			productRefGroup = 830BCD7A2BFA735D0056BC8D /* Products */;
			projectDirPath = "";
			projectRoot = "";
			targets = (
				830BCD782BFA735D0056BC8D /* Quests */,
			);
		};
/* End PBXProject section */

/* Begin PBXResourcesBuildPhase section */
		830BCD772BFA735D0056BC8D /* Resources */ = {
			isa = PBXResourcesBuildPhase;
			buildActionMask = 2147483647;
			files = (
				830BCD862BFA73650056BC8D /* Preview Assets.xcassets in Resources */,
				830BCD832BFA73650056BC8D /* Assets.xcassets in Resources */,
				83FF50622CD849A500F4E3B0 /* GoogleService-Info.plist in Resources */,
			);
			runOnlyForDeploymentPostprocessing = 0;
		};
/* End PBXResourcesBuildPhase section */

/* Begin PBXSourcesBuildPhase section */
		830BCD752BFA735D0056BC8D /* Sources */ = {
			isa = PBXSourcesBuildPhase;
			buildActionMask = 2147483647;
			files = (
				8344B7072C7263EC00B9216A /* materialsStruc.swift in Sources */,
				8344B76C2C692A440053084D /* SupportingInfoView.swift in Sources */,
				832A938E2CCD3CB200324719 /* QuestFailedView.swift in Sources */,
				83E9F07A2CE26450003595B8 /* ProfilePageModel.swift in Sources */,
				83E9F0972CEBCFC7003595B8 /* Macros.swift in Sources */,
				8344B7092C72838F00B9216A /* ObjectiveHighLevelView.swift in Sources */,
				83FF506E2CE1718F00F4E3B0 /* SignInAppleHelper.swift in Sources */,
				83E9F0852CE26D1D003595B8 /* UserManager.swift in Sources */,
				83B5DA172CFE5AF4000F3444 /* MaterialsDisplayView.swift in Sources */,
				83E9F07E2CE26592003595B8 /* AuthenticationViewModel.swift in Sources */,
				83FF506A2CD84FED00F4E3B0 /* Utilities.swift in Sources */,
				83C7D9912CACC9D70046D553 /* MapView.swift in Sources */,
				8315E1F22CA21D580079E403 /* ProfilePage.swift in Sources */,
				83E9F0872CE28364003595B8 /* SupportingInfoStruc.swift in Sources */,
				8315E1F02CA2176A0079E403 /* RootView.swift in Sources */,
				8315E1EE2C9F7F030079E403 /* AuthenticationManager.swift in Sources */,
				830524362C5877B5003BD2C2 /* StartingLocSelector.swift in Sources */,
				83108B3A2C6D86CE00BDC83B /* ObjectiveStruc.swift in Sources */,
				83FE5BAA2C38B57D0005EA55 /* QuestStruc.swift in Sources */,
				83FF506C2CDEFF9E00F4E3B0 /* SignInGoogleHelper.swift in Sources */,
				83B5DA0D2CF4EA30000F3444 /* QuestCreateViewModel.swift in Sources */,
				83E9F0772CE2639E003595B8 /* CardView.swift in Sources */,
				8315E1EC2C9F7C920079E403 /* SignInEmailView.swift in Sources */,
				834C44922C950DCC00DC1BFC /* areaSelector.swift in Sources */,
				830F234E2CC416A8008586C9 /* QuestCompleteView.swift in Sources */,
				83E9F0812CE26605003595B8 /* SignInEmailViewModel.swift in Sources */,
				83FE5BAC2C38B6090005EA55 /* Theme.swift in Sources */,
				8344B7052C7263B000B9216A /* addMaterials.swift in Sources */,
				83FB09C12C4C40EB00723EBE /* CreateQuestContentView.swift in Sources */,
				830BCD7D2BFA735D0056BC8D /* QuestsApp.swift in Sources */,
				83B5DA0B2CF3C5B3000F3444 /* objectiveArea.swift in Sources */,
				83D2D7DC2C4486D20004A35E /* ActiveQuestView.swift in Sources */,
				8315E1EA2C9F7B010079E403 /* AuthenticationView.swift in Sources */,
				83B5DA0F2CF53044000F3444 /* QuestMetaData.swift in Sources */,
				83980C832C39BA0A0061C8D0 /* QuestView.swift in Sources */,
				83980C852C3E0B9B0061C8D0 /* QuestInfoView.swift in Sources */,
				832A938C2CCD323D00324719 /* timerView.swift in Sources */,
				83FB09C32C4D920900723EBE /* ObjectiveCreateView.swift in Sources */,
			);
			runOnlyForDeploymentPostprocessing = 0;
		};
/* End PBXSourcesBuildPhase section */

/* Begin XCBuildConfiguration section */
		830BCD872BFA73650056BC8D /* Debug */ = {
			isa = XCBuildConfiguration;
			buildSettings = {
				ALWAYS_SEARCH_USER_PATHS = NO;
				ASSETCATALOG_COMPILER_GENERATE_SWIFT_ASSET_SYMBOL_EXTENSIONS = YES;
				CLANG_ANALYZER_NONNULL = YES;
				CLANG_ANALYZER_NUMBER_OBJECT_CONVERSION = YES_AGGRESSIVE;
				CLANG_CXX_LANGUAGE_STANDARD = "gnu++20";
				CLANG_ENABLE_MODULES = YES;
				CLANG_ENABLE_OBJC_ARC = YES;
				CLANG_ENABLE_OBJC_WEAK = YES;
				CLANG_WARN_BLOCK_CAPTURE_AUTORELEASING = YES;
				CLANG_WARN_BOOL_CONVERSION = YES;
				CLANG_WARN_COMMA = YES;
				CLANG_WARN_CONSTANT_CONVERSION = YES;
				CLANG_WARN_DEPRECATED_OBJC_IMPLEMENTATIONS = YES;
				CLANG_WARN_DIRECT_OBJC_ISA_USAGE = YES_ERROR;
				CLANG_WARN_DOCUMENTATION_COMMENTS = YES;
				CLANG_WARN_EMPTY_BODY = YES;
				CLANG_WARN_ENUM_CONVERSION = YES;
				CLANG_WARN_INFINITE_RECURSION = YES;
				CLANG_WARN_INT_CONVERSION = YES;
				CLANG_WARN_NON_LITERAL_NULL_CONVERSION = YES;
				CLANG_WARN_OBJC_IMPLICIT_RETAIN_SELF = YES;
				CLANG_WARN_OBJC_LITERAL_CONVERSION = YES;
				CLANG_WARN_OBJC_ROOT_CLASS = YES_ERROR;
				CLANG_WARN_QUOTED_INCLUDE_IN_FRAMEWORK_HEADER = YES;
				CLANG_WARN_RANGE_LOOP_ANALYSIS = YES;
				CLANG_WARN_STRICT_PROTOTYPES = YES;
				CLANG_WARN_SUSPICIOUS_MOVE = YES;
				CLANG_WARN_UNGUARDED_AVAILABILITY = YES_AGGRESSIVE;
				CLANG_WARN_UNREACHABLE_CODE = YES;
				CLANG_WARN__DUPLICATE_METHOD_MATCH = YES;
				COPY_PHASE_STRIP = NO;
				DEBUG_INFORMATION_FORMAT = dwarf;
				ENABLE_STRICT_OBJC_MSGSEND = YES;
				ENABLE_TESTABILITY = YES;
				ENABLE_USER_SCRIPT_SANDBOXING = YES;
				GCC_C_LANGUAGE_STANDARD = gnu17;
				GCC_DYNAMIC_NO_PIC = NO;
				GCC_NO_COMMON_BLOCKS = YES;
				GCC_OPTIMIZATION_LEVEL = 0;
				GCC_PREPROCESSOR_DEFINITIONS = (
					"DEBUG=1",
					"$(inherited)",
				);
				GCC_WARN_64_TO_32_BIT_CONVERSION = YES;
				GCC_WARN_ABOUT_RETURN_TYPE = YES_ERROR;
				GCC_WARN_UNDECLARED_SELECTOR = YES;
				GCC_WARN_UNINITIALIZED_AUTOS = YES_AGGRESSIVE;
				GCC_WARN_UNUSED_FUNCTION = YES;
				GCC_WARN_UNUSED_VARIABLE = YES;
				IPHONEOS_DEPLOYMENT_TARGET = 17.4;
				LOCALIZATION_PREFERS_STRING_CATALOGS = YES;
				MTL_ENABLE_DEBUG_INFO = INCLUDE_SOURCE;
				MTL_FAST_MATH = YES;
				ONLY_ACTIVE_ARCH = YES;
				SDKROOT = iphoneos;
				SWIFT_ACTIVE_COMPILATION_CONDITIONS = "DEBUG $(inherited)";
				SWIFT_OPTIMIZATION_LEVEL = "-Onone";
			};
			name = Debug;
		};
		830BCD882BFA73650056BC8D /* Release */ = {
			isa = XCBuildConfiguration;
			buildSettings = {
				ALWAYS_SEARCH_USER_PATHS = NO;
				ASSETCATALOG_COMPILER_GENERATE_SWIFT_ASSET_SYMBOL_EXTENSIONS = YES;
				CLANG_ANALYZER_NONNULL = YES;
				CLANG_ANALYZER_NUMBER_OBJECT_CONVERSION = YES_AGGRESSIVE;
				CLANG_CXX_LANGUAGE_STANDARD = "gnu++20";
				CLANG_ENABLE_MODULES = YES;
				CLANG_ENABLE_OBJC_ARC = YES;
				CLANG_ENABLE_OBJC_WEAK = YES;
				CLANG_WARN_BLOCK_CAPTURE_AUTORELEASING = YES;
				CLANG_WARN_BOOL_CONVERSION = YES;
				CLANG_WARN_COMMA = YES;
				CLANG_WARN_CONSTANT_CONVERSION = YES;
				CLANG_WARN_DEPRECATED_OBJC_IMPLEMENTATIONS = YES;
				CLANG_WARN_DIRECT_OBJC_ISA_USAGE = YES_ERROR;
				CLANG_WARN_DOCUMENTATION_COMMENTS = YES;
				CLANG_WARN_EMPTY_BODY = YES;
				CLANG_WARN_ENUM_CONVERSION = YES;
				CLANG_WARN_INFINITE_RECURSION = YES;
				CLANG_WARN_INT_CONVERSION = YES;
				CLANG_WARN_NON_LITERAL_NULL_CONVERSION = YES;
				CLANG_WARN_OBJC_IMPLICIT_RETAIN_SELF = YES;
				CLANG_WARN_OBJC_LITERAL_CONVERSION = YES;
				CLANG_WARN_OBJC_ROOT_CLASS = YES_ERROR;
				CLANG_WARN_QUOTED_INCLUDE_IN_FRAMEWORK_HEADER = YES;
				CLANG_WARN_RANGE_LOOP_ANALYSIS = YES;
				CLANG_WARN_STRICT_PROTOTYPES = YES;
				CLANG_WARN_SUSPICIOUS_MOVE = YES;
				CLANG_WARN_UNGUARDED_AVAILABILITY = YES_AGGRESSIVE;
				CLANG_WARN_UNREACHABLE_CODE = YES;
				CLANG_WARN__DUPLICATE_METHOD_MATCH = YES;
				COPY_PHASE_STRIP = NO;
				DEBUG_INFORMATION_FORMAT = "dwarf-with-dsym";
				ENABLE_NS_ASSERTIONS = NO;
				ENABLE_STRICT_OBJC_MSGSEND = YES;
				ENABLE_USER_SCRIPT_SANDBOXING = YES;
				GCC_C_LANGUAGE_STANDARD = gnu17;
				GCC_NO_COMMON_BLOCKS = YES;
				GCC_WARN_64_TO_32_BIT_CONVERSION = YES;
				GCC_WARN_ABOUT_RETURN_TYPE = YES_ERROR;
				GCC_WARN_UNDECLARED_SELECTOR = YES;
				GCC_WARN_UNINITIALIZED_AUTOS = YES_AGGRESSIVE;
				GCC_WARN_UNUSED_FUNCTION = YES;
				GCC_WARN_UNUSED_VARIABLE = YES;
				IPHONEOS_DEPLOYMENT_TARGET = 17.4;
				LOCALIZATION_PREFERS_STRING_CATALOGS = YES;
				MTL_ENABLE_DEBUG_INFO = NO;
				MTL_FAST_MATH = YES;
				SDKROOT = iphoneos;
				SWIFT_COMPILATION_MODE = wholemodule;
				VALIDATE_PRODUCT = YES;
			};
			name = Release;
		};
		830BCD8A2BFA73650056BC8D /* Debug */ = {
			isa = XCBuildConfiguration;
			buildSettings = {
				ASSETCATALOG_COMPILER_APPICON_NAME = AppIcon;
				ASSETCATALOG_COMPILER_GLOBAL_ACCENT_COLOR_NAME = AccentColor;
				CODE_SIGN_ENTITLEMENTS = Quests/Quests.entitlements;
				CODE_SIGN_STYLE = Automatic;
				CURRENT_PROJECT_VERSION = 1;
				DEVELOPMENT_ASSET_PATHS = "\"Quests/Preview Content\"";
				DEVELOPMENT_TEAM = 946TY26Z33;
				ENABLE_PREVIEWS = YES;
				GENERATE_INFOPLIST_FILE = YES;
				INFOPLIST_FILE = Quests/Info.plist;
				INFOPLIST_KEY_CFBundleDisplayName = Quests;
				INFOPLIST_KEY_LSApplicationCategoryType = "public.app-category.travel";
				INFOPLIST_KEY_NSLocationWhenInUseUsageDescription = "This app needs your location to show it on the map and suggest relevant quest opportunities.";
				INFOPLIST_KEY_UIApplicationSceneManifest_Generation = YES;
				INFOPLIST_KEY_UIApplicationSupportsIndirectInputEvents = YES;
				INFOPLIST_KEY_UILaunchScreen_Generation = YES;
				INFOPLIST_KEY_UISupportedInterfaceOrientations_iPad = "UIInterfaceOrientationPortrait UIInterfaceOrientationPortraitUpsideDown UIInterfaceOrientationLandscapeLeft UIInterfaceOrientationLandscapeRight";
				INFOPLIST_KEY_UISupportedInterfaceOrientations_iPhone = "UIInterfaceOrientationPortrait UIInterfaceOrientationLandscapeLeft UIInterfaceOrientationLandscapeRight";
				LD_RUNPATH_SEARCH_PATHS = (
					"$(inherited)",
					"@executable_path/Frameworks",
				);
				MARKETING_VERSION = 1.0;
				PRODUCT_BUNDLE_IDENTIFIER = com.Jack.Quests;
				PRODUCT_NAME = "$(TARGET_NAME)";
				SWIFT_EMIT_LOC_STRINGS = YES;
				SWIFT_VERSION = 5.0;
				TARGETED_DEVICE_FAMILY = "1,2";
			};
			name = Debug;
		};
		830BCD8B2BFA73650056BC8D /* Release */ = {
			isa = XCBuildConfiguration;
			buildSettings = {
				ASSETCATALOG_COMPILER_APPICON_NAME = AppIcon;
				ASSETCATALOG_COMPILER_GLOBAL_ACCENT_COLOR_NAME = AccentColor;
				CODE_SIGN_ENTITLEMENTS = Quests/Quests.entitlements;
				CODE_SIGN_STYLE = Automatic;
				CURRENT_PROJECT_VERSION = 1;
				DEVELOPMENT_ASSET_PATHS = "\"Quests/Preview Content\"";
				DEVELOPMENT_TEAM = 946TY26Z33;
				ENABLE_PREVIEWS = YES;
				GENERATE_INFOPLIST_FILE = YES;
				INFOPLIST_FILE = Quests/Info.plist;
				INFOPLIST_KEY_CFBundleDisplayName = Quests;
				INFOPLIST_KEY_LSApplicationCategoryType = "public.app-category.travel";
				INFOPLIST_KEY_NSLocationWhenInUseUsageDescription = "This app needs your location to show it on the map and suggest relevant quest opportunities.";
				INFOPLIST_KEY_UIApplicationSceneManifest_Generation = YES;
				INFOPLIST_KEY_UIApplicationSupportsIndirectInputEvents = YES;
				INFOPLIST_KEY_UILaunchScreen_Generation = YES;
				INFOPLIST_KEY_UISupportedInterfaceOrientations_iPad = "UIInterfaceOrientationPortrait UIInterfaceOrientationPortraitUpsideDown UIInterfaceOrientationLandscapeLeft UIInterfaceOrientationLandscapeRight";
				INFOPLIST_KEY_UISupportedInterfaceOrientations_iPhone = "UIInterfaceOrientationPortrait UIInterfaceOrientationLandscapeLeft UIInterfaceOrientationLandscapeRight";
				LD_RUNPATH_SEARCH_PATHS = (
					"$(inherited)",
					"@executable_path/Frameworks",
				);
				MARKETING_VERSION = 1.0;
				PRODUCT_BUNDLE_IDENTIFIER = com.Jack.Quests;
				PRODUCT_NAME = "$(TARGET_NAME)";
				SWIFT_EMIT_LOC_STRINGS = YES;
				SWIFT_VERSION = 5.0;
				TARGETED_DEVICE_FAMILY = "1,2";
			};
			name = Release;
		};
/* End XCBuildConfiguration section */

/* Begin XCConfigurationList section */
		830BCD742BFA735D0056BC8D /* Build configuration list for PBXProject "Quests" */ = {
			isa = XCConfigurationList;
			buildConfigurations = (
				830BCD872BFA73650056BC8D /* Debug */,
				830BCD882BFA73650056BC8D /* Release */,
			);
			defaultConfigurationIsVisible = 0;
			defaultConfigurationName = Release;
		};
		830BCD892BFA73650056BC8D /* Build configuration list for PBXNativeTarget "Quests" */ = {
			isa = XCConfigurationList;
			buildConfigurations = (
				830BCD8A2BFA73650056BC8D /* Debug */,
				830BCD8B2BFA73650056BC8D /* Release */,
			);
			defaultConfigurationIsVisible = 0;
			defaultConfigurationName = Release;
		};
/* End XCConfigurationList section */

/* Begin XCRemoteSwiftPackageReference section */
		834C44952C95E29000DC1BFC /* XCRemoteSwiftPackageReference "firebase-ios-sdk" */ = {
			isa = XCRemoteSwiftPackageReference;
			repositoryURL = "https://github.com/firebase/firebase-ios-sdk";
			requirement = {
				kind = upToNextMajorVersion;
				minimumVersion = 11.2.0;
			};
		};
		83FF50632CD84C1A00F4E3B0 /* XCRemoteSwiftPackageReference "GoogleSignIn-iOS" */ = {
			isa = XCRemoteSwiftPackageReference;
			repositoryURL = "https://github.com/google/GoogleSignIn-iOS.git";
			requirement = {
				kind = upToNextMajorVersion;
				minimumVersion = 8.0.0;
			};
		};
/* End XCRemoteSwiftPackageReference section */

/* Begin XCSwiftPackageProductDependency section */
		834C44962C95E29000DC1BFC /* FirebaseAnalytics */ = {
			isa = XCSwiftPackageProductDependency;
			package = 834C44952C95E29000DC1BFC /* XCRemoteSwiftPackageReference "firebase-ios-sdk" */;
			productName = FirebaseAnalytics;
		};
		834C44982C95E29000DC1BFC /* FirebaseAuth */ = {
			isa = XCSwiftPackageProductDependency;
			package = 834C44952C95E29000DC1BFC /* XCRemoteSwiftPackageReference "firebase-ios-sdk" */;
			productName = FirebaseAuth;
		};
		83FF50642CD84C1A00F4E3B0 /* GoogleSignIn */ = {
			isa = XCSwiftPackageProductDependency;
			package = 83FF50632CD84C1A00F4E3B0 /* XCRemoteSwiftPackageReference "GoogleSignIn-iOS" */;
			productName = GoogleSignIn;
		};
		83FF50662CD84C1A00F4E3B0 /* GoogleSignInSwift */ = {
			isa = XCSwiftPackageProductDependency;
			package = 83FF50632CD84C1A00F4E3B0 /* XCRemoteSwiftPackageReference "GoogleSignIn-iOS" */;
			productName = GoogleSignInSwift;
		};
		83FF50702CE25D7E00F4E3B0 /* FirebaseFirestore */ = {
			isa = XCSwiftPackageProductDependency;
			package = 834C44952C95E29000DC1BFC /* XCRemoteSwiftPackageReference "firebase-ios-sdk" */;
			productName = FirebaseFirestore;
		};
/* End XCSwiftPackageProductDependency section */
	};
	rootObject = 830BCD712BFA735D0056BC8D /* Project object */;
}
